# This file was autogenerated by Stack.
# You should not edit this file by hand.
# For more information, please see the documentation at:
#   https://docs.haskellstack.org/en/stable/topics/lock_files

packages:
- completed:
    hackage: dijkstra-simple-0.1.0@sha256:c8ef4401c26369aaea1531eafb59a253cfe9b88f5608c4874e7a9e4d64d0133a,1676
    pantry-tree:
      sha256: 3f992ea20c6777802688be2af0b0ddb0dd40742d21cc634483643c31cc9ef31c
      size: 529
  original:
    hackage: dijkstra-simple-0.1.0@sha256:c8ef4401c26369aaea1531eafb59a253cfe9b88f5608c4874e7a9e4d64d0133a,1676
snapshots:
- completed:
    sha256: 5e44cb81460cd2f90011ab6868958d58bde10f63babf4847a56118450b51221e
    size: 683836
    url: https://raw.githubusercontent.com/commercialhaskell/stackage-snapshots/master/lts/23/23.yaml
  original: lts-23.23
